
Microsoft Visual Studio Solution File, Format Version 12.00
# Visual Studio Version 17
VisualStudioVersion = 17.12.35707.178 d17.12
MinimumVisualStudioVersion = 10.0.40219.1
Project("{F2A71F9B-5D33-465A-A702-920D77279786}") = "250324.App2", "250324.App2\250324.App2.fsproj", "{BAB1E389-91D7-4E7F-AE23-0DA83CC45B05}"
EndProject
Global
	GlobalSection(SolutionConfigurationPlatforms) = preSolution
		Debug|Any CPU = Debug|Any CPU
		Release|Any CPU = Release|Any CPU
	EndGlobalSection
	GlobalSection(ProjectConfigurationPlatforms) = postSolution
		{BAB1E389-91D7-4E7F-AE23-0DA83CC45B05}.Debug|Any CPU.ActiveCfg = Debug|Any CPU
		{BAB1E389-91D7-4E7F-AE23-0DA83CC45B05}.Debug|Any CPU.Build.0 = Debug|Any CPU
		{BAB1E389-91D7-4E7F-AE23-0DA83CC45B05}.Release|Any CPU.ActiveCfg = Release|Any CPU
		{BAB1E389-91D7-4E7F-AE23-0DA83CC45B05}.Release|Any CPU.Build.0 = Release|Any CPU
	EndGlobalSection
	GlobalSection(SolutionProperties) = preSolution
		HideSolutionNode = FALSE
	EndGlobalSection
EndGlobal
